
Microsoft Visual Studio Solution File, Format Version 12.00
# Visual Studio 15
VisualStudioVersion = 15.0.26730.3
MinimumVisualStudioVersion = 10.0.40219.1
Project("{FAE04EC0-301F-11D3-BF4B-00C04F79EFBC}") = "PicknPayE-commerce", "PicknPayE-commerce\PicknPayE-commerce.csproj", "{D71DA0F7-E083-4428-90C7-D2778A15EE2A}"
EndProject
Global
	GlobalSection(SolutionConfigurationPlatforms) = preSolution
		Debug|Any CPU = Debug|Any CPU
		Release|Any CPU = Release|Any CPU
	EndGlobalSection
	GlobalSection(ProjectConfigurationPlatforms) = postSolution
		{D71DA0F7-E083-4428-90C7-D2778A15EE2A}.Debug|Any CPU.ActiveCfg = Debug|Any CPU
		{D71DA0F7-E083-4428-90C7-D2778A15EE2A}.Debug|Any CPU.Build.0 = Debug|Any CPU
		{D71DA0F7-E083-4428-90C7-D2778A15EE2A}.Release|Any CPU.ActiveCfg = Release|Any CPU
		{D71DA0F7-E083-4428-90C7-D2778A15EE2A}.Release|Any CPU.Build.0 = Release|Any CPU
	EndGlobalSection
	GlobalSection(SolutionProperties) = preSolution
		HideSolutionNode = FALSE
	EndGlobalSection
	GlobalSection(ExtensibilityGlobals) = postSolution
		SolutionGuid = {FDF228C0-28F1-4A03-9766-85BAA8385BB4}
	EndGlobalSection
EndGlobal
